// !$*UTF8*$!
{
	archiveVersion = 1;
	classes = {
	};
	objectVersion = 51;
	objects = {

/* Begin PBXBuildFile section */
		CE1AF64E24015F6B00B79F0D /* AppDelegate.swift in Sources */ = {isa = PBXBuildFile; fileRef = CE1AF64D24015F6B00B79F0D /* AppDelegate.swift */; };
		CE1AF65024015F6B00B79F0D /* ViewController.swift in Sources */ = {isa = PBXBuildFile; fileRef = CE1AF64F24015F6B00B79F0D /* ViewController.swift */; };
		CE1AF65324015F6B00B79F0D /* Main.storyboard in Resources */ = {isa = PBXBuildFile; fileRef = CE1AF65124015F6B00B79F0D /* Main.storyboard */; };
		CE1AF65524015F7000B79F0D /* Assets.xcassets in Resources */ = {isa = PBXBuildFile; fileRef = CE1AF65424015F7000B79F0D /* Assets.xcassets */; };
		CE1AF65824015F7000B79F0D /* LaunchScreen.storyboard in Resources */ = {isa = PBXBuildFile; fileRef = CE1AF65624015F7000B79F0D /* LaunchScreen.storyboard */; };
		CEE85BF92405316B00A1BD74 /* Game.swift in Sources */ = {isa = PBXBuildFile; fileRef = CEE85BF82405316B00A1BD74 /* Game.swift */; };
		CEE85BFB240533C000A1BD74 /* Spot.swift in Sources */ = {isa = PBXBuildFile; fileRef = CEE85BFA240533C000A1BD74 /* Spot.swift */; };
/* End PBXBuildFile section */

/* Begin PBXFileReference section */
		CE1AF64A24015F6B00B79F0D /* Minesweeper Deluxe.app */ = {isa = PBXFileReference; explicitFileType = wrapper.application; includeInIndex = 0; path = "Minesweeper Deluxe.app"; sourceTree = BUILT_PRODUCTS_DIR; };
		CE1AF64D24015F6B00B79F0D /* AppDelegate.swift */ = {isa = PBXFileReference; lastKnownFileType = sourcecode.swift; path = AppDelegate.swift; sourceTree = "<group>"; };
		CE1AF64F24015F6B00B79F0D /* ViewController.swift */ = {isa = PBXFileReference; lastKnownFileType = sourcecode.swift; path = ViewController.swift; sourceTree = "<group>"; };
		CE1AF65224015F6B00B79F0D /* Base */ = {isa = PBXFileReference; lastKnownFileType = file.storyboard; name = Base; path = Base.lproj/Main.storyboard; sourceTree = "<group>"; };
		CE1AF65424015F7000B79F0D /* Assets.xcassets */ = {isa = PBXFileReference; lastKnownFileType = folder.assetcatalog; path = Assets.xcassets; sourceTree = "<group>"; };
		CE1AF65724015F7000B79F0D /* Base */ = {isa = PBXFileReference; lastKnownFileType = file.storyboard; name = Base; path = Base.lproj/LaunchScreen.storyboard; sourceTree = "<group>"; };
		CE1AF65924015F7000B79F0D /* Info.plist */ = {isa = PBXFileReference; lastKnownFileType = text.plist.xml; path = Info.plist; sourceTree = "<group>"; };
		CEE85BF82405316B00A1BD74 /* Game.swift */ = {isa = PBXFileReference; lastKnownFileType = sourcecode.swift; path = Game.swift; sourceTree = "<group>"; };
		CEE85BFA240533C000A1BD74 /* Spot.swift */ = {isa = PBXFileReference; lastKnownFileType = sourcecode.swift; path = Spot.swift; sourceTree = "<group>"; };
/* End PBXFileReference section */

/* Begin PBXFrameworksBuildPhase section */
		CE1AF64724015F6B00B79F0D /* Frameworks */ = {
			isa = PBXFrameworksBuildPhase;
			buildActionMask = 2147483647;
			files = (
			);
			runOnlyForDeploymentPostprocessing = 0;
		};
/* End PBXFrameworksBuildPhase section */

/* Begin PBXGroup section */
		CE1AF64124015F6B00B79F0D = {
			isa = PBXGroup;
			children = (
				CE1AF64C24015F6B00B79F0D /* Minesweeper Deluxe */,
				CE1AF64B24015F6B00B79F0D /* Products */,
			);
			sourceTree = "<group>";
		};
		CE1AF64B24015F6B00B79F0D /* Products */ = {
			isa = PBXGroup;
			children = (
				CE1AF64A24015F6B00B79F0D /* Minesweeper Deluxe.app */,
			);
			name = Products;
			sourceTree = "<group>";
		};
		CE1AF64C24015F6B00B79F0D /* Minesweeper Deluxe */ = {
			isa = PBXGroup;
			children = (
				CE1AF64D24015F6B00B79F0D /* AppDelegate.swift */,
				CE1AF64F24015F6B00B79F0D /* ViewController.swift */,
				CEE85BF82405316B00A1BD74 /* Game.swift */,
				CEE85BFA240533C000A1BD74 /* Spot.swift */,
				CE1AF65424015F7000B79F0D /* Assets.xcassets */,
				CE1AF65124015F6B00B79F0D /* Main.storyboard */,
				CE1AF65624015F7000B79F0D /* LaunchScreen.storyboard */,
				CE1AF65924015F7000B79F0D /* Info.plist */,
			);
			path = "Minesweeper Deluxe";
			sourceTree = "<group>";
		};
/* End PBXGroup section */

/* Begin PBXNativeTarget section */
		CE1AF64924015F6B00B79F0D /* Minesweeper Deluxe */ = {
			isa = PBXNativeTarget;
			buildConfigurationList = CE1AF65C24015F7000B79F0D /* Build configuration list for PBXNativeTarget "Minesweeper Deluxe" */;
			buildPhases = (
				CE1AF64624015F6B00B79F0D /* Sources */,
				CE1AF64724015F6B00B79F0D /* Frameworks */,
				CE1AF64824015F6B00B79F0D /* Resources */,
			);
			buildRules = (
			);
			dependencies = (
			);
			name = "Minesweeper Deluxe";
			productName = "Minesweeper Deluxe";
			productReference = CE1AF64A24015F6B00B79F0D /* Minesweeper Deluxe.app */;
			productType = "com.apple.product-type.application";
		};
/* End PBXNativeTarget section */

/* Begin PBXProject section */
		CE1AF64224015F6B00B79F0D /* Project object */ = {
			isa = PBXProject;
			attributes = {
				LastSwiftUpdateCheck = 1010;
				LastUpgradeCheck = 1010;
				ORGANIZATIONNAME = Alex;
				TargetAttributes = {
					CE1AF64924015F6B00B79F0D = {
						CreatedOnToolsVersion = 10.1;
					};
				};
			};
			buildConfigurationList = CE1AF64524015F6B00B79F0D /* Build configuration list for PBXProject "Minesweeper Deluxe" */;
			compatibilityVersion = "Xcode 10.0";
			developmentRegion = en;
			hasScannedForEncodings = 0;
			knownRegions = (
				en,
				Base,
			);
			mainGroup = CE1AF64124015F6B00B79F0D;
			productRefGroup = CE1AF64B24015F6B00B79F0D /* Products */;
			projectDirPath = "";
			projectRoot = "";
			targets = (
				CE1AF64924015F6B00B79F0D /* Minesweeper Deluxe */,
			);
		};
/* End PBXProject section */

/* Begin PBXResourcesBuildPhase section */
		CE1AF64824015F6B00B79F0D /* Resources */ = {
			isa = PBXResourcesBuildPhase;
			buildActionMask = 2147483647;
			files = (
				CE1AF65824015F7000B79F0D /* LaunchScreen.storyboard in Resources */,
				CE1AF65524015F7000B79F0D /* Assets.xcassets in Resources */,
				CE1AF65324015F6B00B79F0D /* Main.storyboard in Resources */,
			);
			runOnlyForDeploymentPostprocessing = 0;
		};
/* End PBXResourcesBuildPhase section */

/* Begin PBXSourcesBuildPhase section */
		CE1AF64624015F6B00B79F0D /* Sources */ = {
			isa = PBXSourcesBuildPhase;
			buildActionMask = 2147483647;
			files = (
				CE1AF65024015F6B00B79F0D /* ViewController.swift in Sources */,
				CEE85BF92405316B00A1BD74 /* Game.swift in Sources */,
				CE1AF64E24015F6B00B79F0D /* AppDelegate.swift in Sources */,
				CEE85BFB240533C000A1BD74 /* Spot.swift in Sources */,
			);
			runOnlyForDeploymentPostprocessing = 0;
		};
/* End PBXSourcesBuildPhase section */

/* Begin PBXVariantGroup section */
		CE1AF65124015F6B00B79F0D /* Main.storyboard */ = {
			isa = PBXVariantGroup;
			children = (
				CE1AF65224015F6B00B79F0D /* Base */,
			);
			name = Main.storyboard;
			sourceTree = "<group>";
		};
		CE1AF65624015F7000B79F0D /* LaunchScreen.storyboard */ = {
			isa = PBXVariantGroup;
			children = (
				CE1AF65724015F7000B79F0D /* Base */,
			);
			name = LaunchScreen.storyboard;
			sourceTree = "<group>";
		};
/* End PBXVariantGroup section */

/* Begin XCBuildConfiguration section */
		CE1AF65A24015F7000B79F0D /* Debug */ = {
			isa = XCBuildConfiguration;
			buildSettings = {
				ALWAYS_SEARCH_USER_PATHS = NO;
				CLANG_ANALYZER_NONNULL = YES;
				CLANG_ANALYZER_NUMBER_OBJECT_CONVERSION = YES_AGGRESSIVE;
				CLANG_CXX_LANGUAGE_STANDARD = "gnu++14";
				CLANG_CXX_LIBRARY = "libc++";
				CLANG_ENABLE_MODULES = YES;
				CLANG_ENABLE_OBJC_ARC = YES;
				CLANG_ENABLE_OBJC_WEAK = YES;
				CLANG_WARN_BLOCK_CAPTURE_AUTORELEASING = YES;
				CLANG_WARN_BOOL_CONVERSION = YES;
				CLANG_WARN_COMMA = YES;
				CLANG_WARN_CONSTANT_CONVERSION = YES;
				CLANG_WARN_DEPRECATED_OBJC_IMPLEMENTATIONS = YES;
				CLANG_WARN_DIRECT_OBJC_ISA_USAGE = YES_ERROR;
				CLANG_WARN_DOCUMENTATION_COMMENTS = YES;
				CLANG_WARN_EMPTY_BODY = YES;
				CLANG_WARN_ENUM_CONVERSION = YES;
				CLANG_WARN_INFINITE_RECURSION = YES;
				CLANG_WARN_INT_CONVERSION = YES;
				CLANG_WARN_NON_LITERAL_NULL_CONVERSION = YES;
				CLANG_WARN_OBJC_IMPLICIT_RETAIN_SELF = YES;
				CLANG_WARN_OBJC_LITERAL_CONVERSION = YES;
				CLANG_WARN_OBJC_ROOT_CLASS = YES_ERROR;
				CLANG_WARN_RANGE_LOOP_ANALYSIS = YES;
				CLANG_WARN_STRICT_PROTOTYPES = YES;
				CLANG_WARN_SUSPICIOUS_MOVE = YES;
				CLANG_WARN_UNGUARDED_AVAILABILITY = YES_AGGRESSIVE;
				CLANG_WARN_UNREACHABLE_CODE = YES;
				CLANG_WARN__DUPLICATE_METHOD_MATCH = YES;
				CODE_SIGN_IDENTITY = "iPhone Developer";
				COPY_PHASE_STRIP = NO;
				DEBUG_INFORMATION_FORMAT = dwarf;
				ENABLE_STRICT_OBJC_MSGSEND = YES;
				ENABLE_TESTABILITY = YES;
				GCC_C_LANGUAGE_STANDARD = gnu11;
				GCC_DYNAMIC_NO_PIC = NO;
				GCC_NO_COMMON_BLOCKS = YES;
				GCC_OPTIMIZATION_LEVEL = 0;
				GCC_PREPROCESSOR_DEFINITIONS = (
					"DEBUG=1",
					"$(inherited)",
				);
				GCC_WARN_64_TO_32_BIT_CONVERSION = YES;
				GCC_WARN_ABOUT_RETURN_TYPE = YES_ERROR;
				GCC_WARN_UNDECLARED_SELECTOR = YES;
				GCC_WARN_UNINITIALIZED_AUTOS = YES_AGGRESSIVE;
				GCC_WARN_UNUSED_FUNCTION = YES;
				GCC_WARN_UNUSED_VARIABLE = YES;
				IPHONEOS_DEPLOYMENT_TARGET = 12.1;
				MTL_ENABLE_DEBUG_INFO = INCLUDE_SOURCE;
				MTL_FAST_MATH = YES;
				ONLY_ACTIVE_ARCH = YES;
				SDKROOT = iphoneos;
				SWIFT_ACTIVE_COMPILATION_CONDITIONS = DEBUG;
				SWIFT_OPTIMIZATION_LEVEL = "-Onone";
			};
			name = Debug;
		};
		CE1AF65B24015F7000B79F0D /* Release */ = {
			isa = XCBuildConfiguration;
			buildSettings = {
				ALWAYS_SEARCH_USER_PATHS = NO;
				CLANG_ANALYZER_NONNULL = YES;
				CLANG_ANALYZER_NUMBER_OBJECT_CONVERSION = YES_AGGRESSIVE;
				CLANG_CXX_LANGUAGE_STANDARD = "gnu++14";
				CLANG_CXX_LIBRARY = "libc++";
				CLANG_ENABLE_MODULES = YES;
				CLANG_ENABLE_OBJC_ARC = YES;
				CLANG_ENABLE_OBJC_WEAK = YES;
				CLANG_WARN_BLOCK_CAPTURE_AUTORELEASING = YES;
				CLANG_WARN_BOOL_CONVERSION = YES;
				CLANG_WARN_COMMA = YES;
				CLANG_WARN_CONSTANT_CONVERSION = YES;
				CLANG_WARN_DEPRECATED_OBJC_IMPLEMENTATIONS = YES;
				CLANG_WARN_DIRECT_OBJC_ISA_USAGE = YES_ERROR;
				CLANG_WARN_DOCUMENTATION_COMMENTS = YES;
				CLANG_WARN_EMPTY_BODY = YES;
				CLANG_WARN_ENUM_CONVERSION = YES;
				CLANG_WARN_INFINITE_RECURSION = YES;
				CLANG_WARN_INT_CONVERSION = YES;
				CLANG_WARN_NON_LITERAL_NULL_CONVERSION = YES;
				CLANG_WARN_OBJC_IMPLICIT_RETAIN_SELF = YES;
				CLANG_WARN_OBJC_LITERAL_CONVERSION = YES;
				CLANG_WARN_OBJC_ROOT_CLASS = YES_ERROR;
				CLANG_WARN_RANGE_LOOP_ANALYSIS = YES;
				CLANG_WARN_STRICT_PROTOTYPES = YES;
				CLANG_WARN_SUSPICIOUS_MOVE = YES;
				CLANG_WARN_UNGUARDED_AVAILABILITY = YES_AGGRESSIVE;
				CLANG_WARN_UNREACHABLE_CODE = YES;
				CLANG_WARN__DUPLICATE_METHOD_MATCH = YES;
				CODE_SIGN_IDENTITY = "iPhone Developer";
				COPY_PHASE_STRIP = NO;
				DEBUG_INFORMATION_FORMAT = "dwarf-with-dsym";
				ENABLE_NS_ASSERTIONS = NO;
				ENABLE_STRICT_OBJC_MSGSEND = YES;
				GCC_C_LANGUAGE_STANDARD = gnu11;
				GCC_NO_COMMON_BLOCKS = YES;
				GCC_WARN_64_TO_32_BIT_CONVERSION = YES;
				GCC_WARN_ABOUT_RETURN_TYPE = YES_ERROR;
				GCC_WARN_UNDECLARED_SELECTOR = YES;
				GCC_WARN_UNINITIALIZED_AUTOS = YES_AGGRESSIVE;
				GCC_WARN_UNUSED_FUNCTION = YES;
				GCC_WARN_UNUSED_VARIABLE = YES;
				IPHONEOS_DEPLOYMENT_TARGET = 12.1;
				MTL_ENABLE_DEBUG_INFO = NO;
				MTL_FAST_MATH = YES;
				SDKROOT = iphoneos;
				SWIFT_COMPILATION_MODE = wholemodule;
				SWIFT_OPTIMIZATION_LEVEL = "-O";
				VALIDATE_PRODUCT = YES;
			};
			name = Release;
		};
		CE1AF65D24015F7000B79F0D /* Debug */ = {
			isa = XCBuildConfiguration;
			buildSettings = {
				ALWAYS_EMBED_SWIFT_STANDARD_LIBRARIES = YES;
				ASSETCATALOG_COMPILER_APPICON_NAME = AppIcon;
				CODE_SIGN_IDENTITY = "iPhone Developer";
				CODE_SIGN_STYLE = Automatic;
				DEVELOPMENT_TEAM = 8BQ894223A;
				EMBED_ASSET_PACKS_IN_PRODUCT_BUNDLE = YES;
				INFOPLIST_FILE = "Minesweeper Deluxe/Info.plist";
				LD_RUNPATH_SEARCH_PATHS = (
					"$(inherited)",
					"@executable_path/Frameworks",
				);
				PRODUCT_BUNDLE_IDENTIFIER = "Alex.Checkodanov.Minesweeper-Deluxe";
				PRODUCT_NAME = "$(TARGET_NAME)";
				PROVISIONING_PROFILE_SPECIFIER = "";
				SWIFT_VERSION = 4.2;
				TARGETED_DEVICE_FAMILY = "1,2";
			};
			name = Debug;
		};
		CE1AF65E24015F7000B79F0D /* Release */ = {
			isa = XCBuildConfiguration;
			buildSettings = {
				ALWAYS_EMBED_SWIFT_STANDARD_LIBRARIES = YES;
				ASSETCATALOG_COMPILER_APPICON_NAME = AppIcon;
				CODE_SIGN_IDENTITY = "iPhone Developer";
				CODE_SIGN_STYLE = Automatic;
				DEVELOPMENT_TEAM = 8BQ894223A;
				EMBED_ASSET_PACKS_IN_PRODUCT_BUNDLE = YES;
				INFOPLIST_FILE = "Minesweeper Deluxe/Info.plist";
				LD_RUNPATH_SEARCH_PATHS = (
					"$(inherited)",
					"@executable_path/Frameworks",
				);
				PRODUCT_BUNDLE_IDENTIFIER = "Alex.Checkodanov.Minesweeper-Deluxe";
				PRODUCT_NAME = "$(TARGET_NAME)";
				PROVISIONING_PROFILE_SPECIFIER = "";
				SWIFT_VERSION = 4.2;
				TARGETED_DEVICE_FAMILY = "1,2";
			};
			name = Release;
		};
/* End XCBuildConfiguration section */

/* Begin XCConfigurationList section */
		CE1AF64524015F6B00B79F0D /* Build configuration list for PBXProject "Minesweeper Deluxe" */ = {
			isa = XCConfigurationList;
			buildConfigurations = (
				CE1AF65A24015F7000B79F0D /* Debug */,
				CE1AF65B24015F7000B79F0D /* Release */,
			);
			defaultConfigurationIsVisible = 0;
			defaultConfigurationName = Release;
		};
		CE1AF65C24015F7000B79F0D /* Build configuration list for PBXNativeTarget "Minesweeper Deluxe" */ = {
			isa = XCConfigurationList;
			buildConfigurations = (
				CE1AF65D24015F7000B79F0D /* Debug */,
				CE1AF65E24015F7000B79F0D /* Release */,
			);
			defaultConfigurationIsVisible = 0;
			defaultConfigurationName = Release;
		};
/* End XCConfigurationList section */
	};
	rootObject = CE1AF64224015F6B00B79F0D /* Project object */;
}
